// !$*UTF8*$!
{
	archiveVersion = 1;
	classes = {
	};
	objectVersion = 55;
	objects = {

/* Begin PBXBuildFile section */
		6B51038328D327F90007DD74 /* GardenAppApp.swift in Sources */ = {isa = PBXBuildFile; fileRef = 6B51038228D327F90007DD74 /* GardenAppApp.swift */; };
		6B51038728D327FF0007DD74 /* Assets.xcassets in Resources */ = {isa = PBXBuildFile; fileRef = 6B51038628D327FF0007DD74 /* Assets.xcassets */; };
		6B51038A28D327FF0007DD74 /* Preview Assets.xcassets in Resources */ = {isa = PBXBuildFile; fileRef = 6B51038928D327FF0007DD74 /* Preview Assets.xcassets */; };
		6B51038C28D327FF0007DD74 /* Persistence.swift in Sources */ = {isa = PBXBuildFile; fileRef = 6B51038B28D327FF0007DD74 /* Persistence.swift */; };
		6B51038F28D327FF0007DD74 /* GardenApp.xcdatamodeld in Sources */ = {isa = PBXBuildFile; fileRef = 6B51038D28D327FF0007DD74 /* GardenApp.xcdatamodeld */; };
		6B51039B28D328EB0007DD74 /* Constants.swift in Sources */ = {isa = PBXBuildFile; fileRef = 6B51039A28D328EB0007DD74 /* Constants.swift */; };
		6B51039D28D32A2B0007DD74 /* Webservice.swift in Sources */ = {isa = PBXBuildFile; fileRef = 6B51039C28D32A2B0007DD74 /* Webservice.swift */; };
		6B51039F28D32A970007DD74 /* VegetableModel.swift in Sources */ = {isa = PBXBuildFile; fileRef = 6B51039E28D32A970007DD74 /* VegetableModel.swift */; };
		6B5103A228D32E190007DD74 /* VegetableListViewModel.swift in Sources */ = {isa = PBXBuildFile; fileRef = 6B5103A128D32E190007DD74 /* VegetableListViewModel.swift */; };
		6B5103A428D3332D0007DD74 /* VegetableListView.swift in Sources */ = {isa = PBXBuildFile; fileRef = 6B5103A328D3332D0007DD74 /* VegetableListView.swift */; };
		6B5103A728D34A550007DD74 /* View+Extensions.swift in Sources */ = {isa = PBXBuildFile; fileRef = 6B5103A628D34A550007DD74 /* View+Extensions.swift */; };
		6B5103A928D34FDE0007DD74 /* MainScreenView.swift in Sources */ = {isa = PBXBuildFile; fileRef = 6B5103A828D34FDE0007DD74 /* MainScreenView.swift */; };
		6B5103AB28D46ACC0007DD74 /* VegetableDetailsView.swift in Sources */ = {isa = PBXBuildFile; fileRef = 6B5103AA28D46ACC0007DD74 /* VegetableDetailsView.swift */; };
		6B5103AD28D471860007DD74 /* AboutView.swift in Sources */ = {isa = PBXBuildFile; fileRef = 6B5103AC28D471860007DD74 /* AboutView.swift */; };
		6B5103AF28D4731F0007DD74 /* TwoColumnView.swift in Sources */ = {isa = PBXBuildFile; fileRef = 6B5103AE28D4731F0007DD74 /* TwoColumnView.swift */; };
		6B5103B228D4749F0007DD74 /* DescriptionView.swift in Sources */ = {isa = PBXBuildFile; fileRef = 6B5103B128D4749F0007DD74 /* DescriptionView.swift */; };
/* End PBXBuildFile section */

/* Begin PBXFileReference section */
		6B51037F28D327F90007DD74 /* GardenApp.app */ = {isa = PBXFileReference; explicitFileType = wrapper.application; includeInIndex = 0; path = GardenApp.app; sourceTree = BUILT_PRODUCTS_DIR; };
		6B51038228D327F90007DD74 /* GardenAppApp.swift */ = {isa = PBXFileReference; lastKnownFileType = sourcecode.swift; path = GardenAppApp.swift; sourceTree = "<group>"; };
		6B51038628D327FF0007DD74 /* Assets.xcassets */ = {isa = PBXFileReference; lastKnownFileType = folder.assetcatalog; path = Assets.xcassets; sourceTree = "<group>"; };
		6B51038928D327FF0007DD74 /* Preview Assets.xcassets */ = {isa = PBXFileReference; lastKnownFileType = folder.assetcatalog; path = "Preview Assets.xcassets"; sourceTree = "<group>"; };
		6B51038B28D327FF0007DD74 /* Persistence.swift */ = {isa = PBXFileReference; lastKnownFileType = sourcecode.swift; path = Persistence.swift; sourceTree = "<group>"; };
		6B51038E28D327FF0007DD74 /* GardenApp.xcdatamodel */ = {isa = PBXFileReference; lastKnownFileType = wrapper.xcdatamodel; path = GardenApp.xcdatamodel; sourceTree = "<group>"; };
		6B51039A28D328EB0007DD74 /* Constants.swift */ = {isa = PBXFileReference; lastKnownFileType = sourcecode.swift; path = Constants.swift; sourceTree = "<group>"; };
		6B51039C28D32A2B0007DD74 /* Webservice.swift */ = {isa = PBXFileReference; lastKnownFileType = sourcecode.swift; path = Webservice.swift; sourceTree = "<group>"; };
		6B51039E28D32A970007DD74 /* VegetableModel.swift */ = {isa = PBXFileReference; lastKnownFileType = sourcecode.swift; path = VegetableModel.swift; sourceTree = "<group>"; };
		6B5103A028D32DA70007DD74 /* Info.plist */ = {isa = PBXFileReference; lastKnownFileType = text.plist; path = Info.plist; sourceTree = "<group>"; };
		6B5103A128D32E190007DD74 /* VegetableListViewModel.swift */ = {isa = PBXFileReference; lastKnownFileType = sourcecode.swift; path = VegetableListViewModel.swift; sourceTree = "<group>"; };
		6B5103A328D3332D0007DD74 /* VegetableListView.swift */ = {isa = PBXFileReference; lastKnownFileType = sourcecode.swift; path = VegetableListView.swift; sourceTree = "<group>"; };
		6B5103A628D34A550007DD74 /* View+Extensions.swift */ = {isa = PBXFileReference; lastKnownFileType = sourcecode.swift; path = "View+Extensions.swift"; sourceTree = "<group>"; };
		6B5103A828D34FDE0007DD74 /* MainScreenView.swift */ = {isa = PBXFileReference; lastKnownFileType = sourcecode.swift; path = MainScreenView.swift; sourceTree = "<group>"; };
		6B5103AA28D46ACC0007DD74 /* VegetableDetailsView.swift */ = {isa = PBXFileReference; lastKnownFileType = sourcecode.swift; path = VegetableDetailsView.swift; sourceTree = "<group>"; };
		6B5103AC28D471860007DD74 /* AboutView.swift */ = {isa = PBXFileReference; lastKnownFileType = sourcecode.swift; path = AboutView.swift; sourceTree = "<group>"; };
		6B5103AE28D4731F0007DD74 /* TwoColumnView.swift */ = {isa = PBXFileReference; lastKnownFileType = sourcecode.swift; path = TwoColumnView.swift; sourceTree = "<group>"; };
		6B5103B128D4749F0007DD74 /* DescriptionView.swift */ = {isa = PBXFileReference; lastKnownFileType = sourcecode.swift; path = DescriptionView.swift; sourceTree = "<group>"; };
/* End PBXFileReference section */

/* Begin PBXFrameworksBuildPhase section */
		6B51037C28D327F90007DD74 /* Frameworks */ = {
			isa = PBXFrameworksBuildPhase;
			buildActionMask = 2147483647;
			files = (
			);
			runOnlyForDeploymentPostprocessing = 0;
		};
/* End PBXFrameworksBuildPhase section */

/* Begin PBXGroup section */
		6B51037628D327F90007DD74 = {
			isa = PBXGroup;
			children = (
				6B51038128D327F90007DD74 /* GardenApp */,
				6B51038028D327F90007DD74 /* Products */,
			);
			sourceTree = "<group>";
		};
		6B51038028D327F90007DD74 /* Products */ = {
			isa = PBXGroup;
			children = (
				6B51037F28D327F90007DD74 /* GardenApp.app */,
			);
			name = Products;
			sourceTree = "<group>";
		};
		6B51038128D327F90007DD74 /* GardenApp */ = {
			isa = PBXGroup;
			children = (
				6B5103A528D34A2A0007DD74 /* Extensions */,
				6B5103A028D32DA70007DD74 /* Info.plist */,
				6B51039728D328630007DD74 /* Models */,
				6B51039528D328490007DD74 /* Views */,
				6B51039828D3286B0007DD74 /* View Models */,
				6B51039928D328B60007DD74 /* Utilities */,
				6B51039628D3285B0007DD74 /* Services */,
				6B51038228D327F90007DD74 /* GardenAppApp.swift */,
				6B51038628D327FF0007DD74 /* Assets.xcassets */,
				6B51038B28D327FF0007DD74 /* Persistence.swift */,
				6B51038D28D327FF0007DD74 /* GardenApp.xcdatamodeld */,
				6B51038828D327FF0007DD74 /* Preview Content */,
			);
			path = GardenApp;
			sourceTree = "<group>";
		};
		6B51038828D327FF0007DD74 /* Preview Content */ = {
			isa = PBXGroup;
			children = (
				6B51038928D327FF0007DD74 /* Preview Assets.xcassets */,
			);
			path = "Preview Content";
			sourceTree = "<group>";
		};
		6B51039528D328490007DD74 /* Views */ = {
			isa = PBXGroup;
			children = (
				6B5103A328D3332D0007DD74 /* VegetableListView.swift */,
				6B5103A828D34FDE0007DD74 /* MainScreenView.swift */,
				6B5103AA28D46ACC0007DD74 /* VegetableDetailsView.swift */,
				6B5103B028D473280007DD74 /* DetailesView */,
			);
			path = Views;
			sourceTree = "<group>";
		};
		6B51039628D3285B0007DD74 /* Services */ = {
			isa = PBXGroup;
			children = (
				6B51039C28D32A2B0007DD74 /* Webservice.swift */,
			);
			path = Services;
			sourceTree = "<group>";
		};
		6B51039728D328630007DD74 /* Models */ = {
			isa = PBXGroup;
			children = (
				6B51039E28D32A970007DD74 /* VegetableModel.swift */,
			);
			path = Models;
			sourceTree = "<group>";
		};
		6B51039828D3286B0007DD74 /* View Models */ = {
			isa = PBXGroup;
			children = (
				6B5103A128D32E190007DD74 /* VegetableListViewModel.swift */,
			);
			path = "View Models";
			sourceTree = "<group>";
		};
		6B51039928D328B60007DD74 /* Utilities */ = {
			isa = PBXGroup;
			children = (
				6B51039A28D328EB0007DD74 /* Constants.swift */,
			);
			path = Utilities;
			sourceTree = "<group>";
		};
		6B5103A528D34A2A0007DD74 /* Extensions */ = {
			isa = PBXGroup;
			children = (
				6B5103A628D34A550007DD74 /* View+Extensions.swift */,
			);
			path = Extensions;
			sourceTree = "<group>";
		};
		6B5103B028D473280007DD74 /* DetailesView */ = {
			isa = PBXGroup;
			children = (
				6B5103AC28D471860007DD74 /* AboutView.swift */,
				6B5103AE28D4731F0007DD74 /* TwoColumnView.swift */,
				6B5103B128D4749F0007DD74 /* DescriptionView.swift */,
			);
			path = DetailesView;
			sourceTree = "<group>";
		};
/* End PBXGroup section */

/* Begin PBXNativeTarget section */
		6B51037E28D327F90007DD74 /* GardenApp */ = {
			isa = PBXNativeTarget;
			buildConfigurationList = 6B51039228D327FF0007DD74 /* Build configuration list for PBXNativeTarget "GardenApp" */;
			buildPhases = (
				6B51037B28D327F90007DD74 /* Sources */,
				6B51037C28D327F90007DD74 /* Frameworks */,
				6B51037D28D327F90007DD74 /* Resources */,
			);
			buildRules = (
			);
			dependencies = (
			);
			name = GardenApp;
			productName = GardenApp;
			productReference = 6B51037F28D327F90007DD74 /* GardenApp.app */;
			productType = "com.apple.product-type.application";
		};
/* End PBXNativeTarget section */

/* Begin PBXProject section */
		6B51037728D327F90007DD74 /* Project object */ = {
			isa = PBXProject;
			attributes = {
				BuildIndependentTargetsInParallel = 1;
				LastSwiftUpdateCheck = 1340;
				LastUpgradeCheck = 1340;
				TargetAttributes = {
					6B51037E28D327F90007DD74 = {
						CreatedOnToolsVersion = 13.4.1;
					};
				};
			};
			buildConfigurationList = 6B51037A28D327F90007DD74 /* Build configuration list for PBXProject "GardenApp" */;
			compatibilityVersion = "Xcode 13.0";
			developmentRegion = en;
			hasScannedForEncodings = 0;
			knownRegions = (
				en,
				Base,
			);
			mainGroup = 6B51037628D327F90007DD74;
			productRefGroup = 6B51038028D327F90007DD74 /* Products */;
			projectDirPath = "";
			projectRoot = "";
			targets = (
				6B51037E28D327F90007DD74 /* GardenApp */,
			);
		};
/* End PBXProject section */

/* Begin PBXResourcesBuildPhase section */
		6B51037D28D327F90007DD74 /* Resources */ = {
			isa = PBXResourcesBuildPhase;
			buildActionMask = 2147483647;
			files = (
				6B51038A28D327FF0007DD74 /* Preview Assets.xcassets in Resources */,
				6B51038728D327FF0007DD74 /* Assets.xcassets in Resources */,
			);
			runOnlyForDeploymentPostprocessing = 0;
		};
/* End PBXResourcesBuildPhase section */

/* Begin PBXSourcesBuildPhase section */
		6B51037B28D327F90007DD74 /* Sources */ = {
			isa = PBXSourcesBuildPhase;
			buildActionMask = 2147483647;
			files = (
				6B51039B28D328EB0007DD74 /* Constants.swift in Sources */,
				6B5103B228D4749F0007DD74 /* DescriptionView.swift in Sources */,
				6B5103A728D34A550007DD74 /* View+Extensions.swift in Sources */,
				6B5103A928D34FDE0007DD74 /* MainScreenView.swift in Sources */,
				6B5103AB28D46ACC0007DD74 /* VegetableDetailsView.swift in Sources */,
				6B5103AD28D471860007DD74 /* AboutView.swift in Sources */,
				6B51038F28D327FF0007DD74 /* GardenApp.xcdatamodeld in Sources */,
				6B51039D28D32A2B0007DD74 /* Webservice.swift in Sources */,
				6B51038C28D327FF0007DD74 /* Persistence.swift in Sources */,
				6B51038328D327F90007DD74 /* GardenAppApp.swift in Sources */,
				6B5103A228D32E190007DD74 /* VegetableListViewModel.swift in Sources */,
				6B51039F28D32A970007DD74 /* VegetableModel.swift in Sources */,
				6B5103A428D3332D0007DD74 /* VegetableListView.swift in Sources */,
				6B5103AF28D4731F0007DD74 /* TwoColumnView.swift in Sources */,
			);
			runOnlyForDeploymentPostprocessing = 0;
		};
/* End PBXSourcesBuildPhase section */

/* Begin XCBuildConfiguration section */
		6B51039028D327FF0007DD74 /* Debug */ = {
			isa = XCBuildConfiguration;
			buildSettings = {
				ALWAYS_SEARCH_USER_PATHS = NO;
				CLANG_ANALYZER_NONNULL = YES;
				CLANG_ANALYZER_NUMBER_OBJECT_CONVERSION = YES_AGGRESSIVE;
				CLANG_CXX_LANGUAGE_STANDARD = "gnu++17";
				CLANG_ENABLE_MODULES = YES;
				CLANG_ENABLE_OBJC_ARC = YES;
				CLANG_ENABLE_OBJC_WEAK = YES;
				CLANG_WARN_BLOCK_CAPTURE_AUTORELEASING = YES;
				CLANG_WARN_BOOL_CONVERSION = YES;
				CLANG_WARN_COMMA = YES;
				CLANG_WARN_CONSTANT_CONVERSION = YES;
				CLANG_WARN_DEPRECATED_OBJC_IMPLEMENTATIONS = YES;
				CLANG_WARN_DIRECT_OBJC_ISA_USAGE = YES_ERROR;
				CLANG_WARN_DOCUMENTATION_COMMENTS = YES;
				CLANG_WARN_EMPTY_BODY = YES;
				CLANG_WARN_ENUM_CONVERSION = YES;
				CLANG_WARN_INFINITE_RECURSION = YES;
				CLANG_WARN_INT_CONVERSION = YES;
				CLANG_WARN_NON_LITERAL_NULL_CONVERSION = YES;
				CLANG_WARN_OBJC_IMPLICIT_RETAIN_SELF = YES;
				CLANG_WARN_OBJC_LITERAL_CONVERSION = YES;
				CLANG_WARN_OBJC_ROOT_CLASS = YES_ERROR;
				CLANG_WARN_QUOTED_INCLUDE_IN_FRAMEWORK_HEADER = YES;
				CLANG_WARN_RANGE_LOOP_ANALYSIS = YES;
				CLANG_WARN_STRICT_PROTOTYPES = YES;
				CLANG_WARN_SUSPICIOUS_MOVE = YES;
				CLANG_WARN_UNGUARDED_AVAILABILITY = YES_AGGRESSIVE;
				CLANG_WARN_UNREACHABLE_CODE = YES;
				CLANG_WARN__DUPLICATE_METHOD_MATCH = YES;
				COPY_PHASE_STRIP = NO;
				DEBUG_INFORMATION_FORMAT = dwarf;
				ENABLE_STRICT_OBJC_MSGSEND = YES;
				ENABLE_TESTABILITY = YES;
				GCC_C_LANGUAGE_STANDARD = gnu11;
				GCC_DYNAMIC_NO_PIC = NO;
				GCC_NO_COMMON_BLOCKS = YES;
				GCC_OPTIMIZATION_LEVEL = 0;
				GCC_PREPROCESSOR_DEFINITIONS = (
					"DEBUG=1",
					"$(inherited)",
				);
				GCC_WARN_64_TO_32_BIT_CONVERSION = YES;
				GCC_WARN_ABOUT_RETURN_TYPE = YES_ERROR;
				GCC_WARN_UNDECLARED_SELECTOR = YES;
				GCC_WARN_UNINITIALIZED_AUTOS = YES_AGGRESSIVE;
				GCC_WARN_UNUSED_FUNCTION = YES;
				GCC_WARN_UNUSED_VARIABLE = YES;
				IPHONEOS_DEPLOYMENT_TARGET = 15.5;
				MTL_ENABLE_DEBUG_INFO = INCLUDE_SOURCE;
				MTL_FAST_MATH = YES;
				ONLY_ACTIVE_ARCH = YES;
				SDKROOT = iphoneos;
				SWIFT_ACTIVE_COMPILATION_CONDITIONS = DEBUG;
				SWIFT_OPTIMIZATION_LEVEL = "-Onone";
			};
			name = Debug;
		};
		6B51039128D327FF0007DD74 /* Release */ = {
			isa = XCBuildConfiguration;
			buildSettings = {
				ALWAYS_SEARCH_USER_PATHS = NO;
				CLANG_ANALYZER_NONNULL = YES;
				CLANG_ANALYZER_NUMBER_OBJECT_CONVERSION = YES_AGGRESSIVE;
				CLANG_CXX_LANGUAGE_STANDARD = "gnu++17";
				CLANG_ENABLE_MODULES = YES;
				CLANG_ENABLE_OBJC_ARC = YES;
				CLANG_ENABLE_OBJC_WEAK = YES;
				CLANG_WARN_BLOCK_CAPTURE_AUTORELEASING = YES;
				CLANG_WARN_BOOL_CONVERSION = YES;
				CLANG_WARN_COMMA = YES;
				CLANG_WARN_CONSTANT_CONVERSION = YES;
				CLANG_WARN_DEPRECATED_OBJC_IMPLEMENTATIONS = YES;
				CLANG_WARN_DIRECT_OBJC_ISA_USAGE = YES_ERROR;
				CLANG_WARN_DOCUMENTATION_COMMENTS = YES;
				CLANG_WARN_EMPTY_BODY = YES;
				CLANG_WARN_ENUM_CONVERSION = YES;
				CLANG_WARN_INFINITE_RECURSION = YES;
				CLANG_WARN_INT_CONVERSION = YES;
				CLANG_WARN_NON_LITERAL_NULL_CONVERSION = YES;
				CLANG_WARN_OBJC_IMPLICIT_RETAIN_SELF = YES;
				CLANG_WARN_OBJC_LITERAL_CONVERSION = YES;
				CLANG_WARN_OBJC_ROOT_CLASS = YES_ERROR;
				CLANG_WARN_QUOTED_INCLUDE_IN_FRAMEWORK_HEADER = YES;
				CLANG_WARN_RANGE_LOOP_ANALYSIS = YES;
				CLANG_WARN_STRICT_PROTOTYPES = YES;
				CLANG_WARN_SUSPICIOUS_MOVE = YES;
				CLANG_WARN_UNGUARDED_AVAILABILITY = YES_AGGRESSIVE;
				CLANG_WARN_UNREACHABLE_CODE = YES;
				CLANG_WARN__DUPLICATE_METHOD_MATCH = YES;
				COPY_PHASE_STRIP = NO;
				DEBUG_INFORMATION_FORMAT = "dwarf-with-dsym";
				ENABLE_NS_ASSERTIONS = NO;
				ENABLE_STRICT_OBJC_MSGSEND = YES;
				GCC_C_LANGUAGE_STANDARD = gnu11;
				GCC_NO_COMMON_BLOCKS = YES;
				GCC_WARN_64_TO_32_BIT_CONVERSION = YES;
				GCC_WARN_ABOUT_RETURN_TYPE = YES_ERROR;
				GCC_WARN_UNDECLARED_SELECTOR = YES;
				GCC_WARN_UNINITIALIZED_AUTOS = YES_AGGRESSIVE;
				GCC_WARN_UNUSED_FUNCTION = YES;
				GCC_WARN_UNUSED_VARIABLE = YES;
				IPHONEOS_DEPLOYMENT_TARGET = 15.5;
				MTL_ENABLE_DEBUG_INFO = NO;
				MTL_FAST_MATH = YES;
				SDKROOT = iphoneos;
				SWIFT_COMPILATION_MODE = wholemodule;
				SWIFT_OPTIMIZATION_LEVEL = "-O";
				VALIDATE_PRODUCT = YES;
			};
			name = Release;
		};
		6B51039328D327FF0007DD74 /* Debug */ = {
			isa = XCBuildConfiguration;
			buildSettings = {
				ASSETCATALOG_COMPILER_APPICON_NAME = AppIcon;
				ASSETCATALOG_COMPILER_GLOBAL_ACCENT_COLOR_NAME = AccentColor;
				CODE_SIGN_STYLE = Automatic;
				CURRENT_PROJECT_VERSION = 1;
				DEVELOPMENT_ASSET_PATHS = "\"GardenApp/Preview Content\"";
				DEVELOPMENT_TEAM = B5C67X65GA;
				ENABLE_PREVIEWS = YES;
				GENERATE_INFOPLIST_FILE = YES;
				INFOPLIST_FILE = GardenApp/Info.plist;
				INFOPLIST_KEY_UIApplicationSceneManifest_Generation = YES;
				INFOPLIST_KEY_UIApplicationSupportsIndirectInputEvents = YES;
				INFOPLIST_KEY_UILaunchScreen_Generation = YES;
				INFOPLIST_KEY_UISupportedInterfaceOrientations_iPad = "UIInterfaceOrientationPortrait UIInterfaceOrientationPortraitUpsideDown UIInterfaceOrientationLandscapeLeft UIInterfaceOrientationLandscapeRight";
				INFOPLIST_KEY_UISupportedInterfaceOrientations_iPhone = "UIInterfaceOrientationPortrait UIInterfaceOrientationLandscapeLeft UIInterfaceOrientationLandscapeRight";
				IPHONEOS_DEPLOYMENT_TARGET = 15.0;
				LD_RUNPATH_SEARCH_PATHS = (
					"$(inherited)",
					"@executable_path/Frameworks",
				);
				MARKETING_VERSION = 1.0;
				PRODUCT_BUNDLE_IDENTIFIER = com.mxmaria.GardenApp;
				PRODUCT_NAME = "$(TARGET_NAME)";
				SWIFT_EMIT_LOC_STRINGS = YES;
				SWIFT_VERSION = 5.0;
				TARGETED_DEVICE_FAMILY = "1,2";
			};
			name = Debug;
		};
		6B51039428D327FF0007DD74 /* Release */ = {
			isa = XCBuildConfiguration;
			buildSettings = {
				ASSETCATALOG_COMPILER_APPICON_NAME = AppIcon;
				ASSETCATALOG_COMPILER_GLOBAL_ACCENT_COLOR_NAME = AccentColor;
				CODE_SIGN_STYLE = Automatic;
				CURRENT_PROJECT_VERSION = 1;
				DEVELOPMENT_ASSET_PATHS = "\"GardenApp/Preview Content\"";
				DEVELOPMENT_TEAM = B5C67X65GA;
				ENABLE_PREVIEWS = YES;
				GENERATE_INFOPLIST_FILE = YES;
				INFOPLIST_FILE = GardenApp/Info.plist;
				INFOPLIST_KEY_UIApplicationSceneManifest_Generation = YES;
				INFOPLIST_KEY_UIApplicationSupportsIndirectInputEvents = YES;
				INFOPLIST_KEY_UILaunchScreen_Generation = YES;
				INFOPLIST_KEY_UISupportedInterfaceOrientations_iPad = "UIInterfaceOrientationPortrait UIInterfaceOrientationPortraitUpsideDown UIInterfaceOrientationLandscapeLeft UIInterfaceOrientationLandscapeRight";
				INFOPLIST_KEY_UISupportedInterfaceOrientations_iPhone = "UIInterfaceOrientationPortrait UIInterfaceOrientationLandscapeLeft UIInterfaceOrientationLandscapeRight";
				IPHONEOS_DEPLOYMENT_TARGET = 15.0;
				LD_RUNPATH_SEARCH_PATHS = (
					"$(inherited)",
					"@executable_path/Frameworks",
				);
				MARKETING_VERSION = 1.0;
				PRODUCT_BUNDLE_IDENTIFIER = com.mxmaria.GardenApp;
				PRODUCT_NAME = "$(TARGET_NAME)";
				SWIFT_EMIT_LOC_STRINGS = YES;
				SWIFT_VERSION = 5.0;
				TARGETED_DEVICE_FAMILY = "1,2";
			};
			name = Release;
		};
/* End XCBuildConfiguration section */

/* Begin XCConfigurationList section */
		6B51037A28D327F90007DD74 /* Build configuration list for PBXProject "GardenApp" */ = {
			isa = XCConfigurationList;
			buildConfigurations = (
				6B51039028D327FF0007DD74 /* Debug */,
				6B51039128D327FF0007DD74 /* Release */,
			);
			defaultConfigurationIsVisible = 0;
			defaultConfigurationName = Release;
		};
		6B51039228D327FF0007DD74 /* Build configuration list for PBXNativeTarget "GardenApp" */ = {
			isa = XCConfigurationList;
			buildConfigurations = (
				6B51039328D327FF0007DD74 /* Debug */,
				6B51039428D327FF0007DD74 /* Release */,
			);
			defaultConfigurationIsVisible = 0;
			defaultConfigurationName = Release;
		};
/* End XCConfigurationList section */

/* Begin XCVersionGroup section */
		6B51038D28D327FF0007DD74 /* GardenApp.xcdatamodeld */ = {
			isa = XCVersionGroup;
			children = (
				6B51038E28D327FF0007DD74 /* GardenApp.xcdatamodel */,
			);
			currentVersion = 6B51038E28D327FF0007DD74 /* GardenApp.xcdatamodel */;
			path = GardenApp.xcdatamodeld;
			sourceTree = "<group>";
			versionGroupType = wrapper.xcdatamodel;
		};
/* End XCVersionGroup section */
	};
	rootObject = 6B51037728D327F90007DD74 /* Project object */;
}
